// !$*UTF8*$!
{
	archiveVersion = 1;
	classes = {
	};
	objectVersion = 46;
	objects = {

/* Begin PBXBuildFile section */
		0A46ED0C1B7B83AA00E7FD13 /* Main.storyboard in Resources */ = {isa = PBXBuildFile; fileRef = 0A46ED0A1B7B83AA00E7FD13 /* Main.storyboard */; };
		0A76442B1B676C2300BF1A2D /* DropDownTests.swift in Sources */ = {isa = PBXBuildFile; fileRef = 0A76442A1B676C2300BF1A2D /* DropDownTests.swift */; };
		0AC1C3301B6B85A600A8DC0D /* AppDelegate.swift in Sources */ = {isa = PBXBuildFile; fileRef = 0AC1C3241B6B85A600A8DC0D /* AppDelegate.swift */; };
		0AC1C3321B6B85A600A8DC0D /* ViewController.swift in Sources */ = {isa = PBXBuildFile; fileRef = 0AC1C3261B6B85A600A8DC0D /* ViewController.swift */; };
		0AC1C3331B6B85A600A8DC0D /* DPDConstants.swift in Sources */ = {isa = PBXBuildFile; fileRef = 0AC1C3281B6B85A600A8DC0D /* DPDConstants.swift */; };
		0AC1C3341B6B85A600A8DC0D /* DPDKeyboardListener.swift in Sources */ = {isa = PBXBuildFile; fileRef = 0AC1C3291B6B85A600A8DC0D /* DPDKeyboardListener.swift */; };
		0AC1C3351B6B85A600A8DC0D /* DPDUIView+Extension.swift in Sources */ = {isa = PBXBuildFile; fileRef = 0AC1C32A1B6B85A600A8DC0D /* DPDUIView+Extension.swift */; };
		0AC1C3361B6B85A600A8DC0D /* DropDownCell.xib in Resources */ = {isa = PBXBuildFile; fileRef = 0AC1C32C1B6B85A600A8DC0D /* DropDownCell.xib */; };
		0AC1C3371B6B85A600A8DC0D /* DropDown.swift in Sources */ = {isa = PBXBuildFile; fileRef = 0AC1C32E1B6B85A600A8DC0D /* DropDown.swift */; };
		0AC1C3381B6B85A600A8DC0D /* DropDownCell.swift in Sources */ = {isa = PBXBuildFile; fileRef = 0AC1C32F1B6B85A600A8DC0D /* DropDownCell.swift */; };
		0AC1C33A1B6B884100A8DC0D /* Images.xcassets in Resources */ = {isa = PBXBuildFile; fileRef = 0AC1C3391B6B884100A8DC0D /* Images.xcassets */; };
/* End PBXBuildFile section */

/* Begin PBXContainerItemProxy section */
		0A7644251B676C2300BF1A2D /* PBXContainerItemProxy */ = {
			isa = PBXContainerItemProxy;
			containerPortal = 0A7644071B676C2300BF1A2D /* Project object */;
			proxyType = 1;
			remoteGlobalIDString = 0A76440E1B676C2300BF1A2D;
			remoteInfo = DropDown;
		};
/* End PBXContainerItemProxy section */

/* Begin PBXFileReference section */
		0A46ED0B1B7B83AA00E7FD13 /* Base */ = {isa = PBXFileReference; lastKnownFileType = file.storyboard; name = Base; path = DropDown/Base.lproj/Main.storyboard; sourceTree = SOURCE_ROOT; };
		0A76440F1B676C2300BF1A2D /* DropDown.app */ = {isa = PBXFileReference; explicitFileType = wrapper.application; includeInIndex = 0; path = DropDown.app; sourceTree = BUILT_PRODUCTS_DIR; };
		0A7644131B676C2300BF1A2D /* Info.plist */ = {isa = PBXFileReference; lastKnownFileType = text.plist.xml; path = Info.plist; sourceTree = "<group>"; };
		0A7644241B676C2300BF1A2D /* DropDownTests.xctest */ = {isa = PBXFileReference; explicitFileType = wrapper.cfbundle; includeInIndex = 0; path = DropDownTests.xctest; sourceTree = BUILT_PRODUCTS_DIR; };
		0A7644291B676C2300BF1A2D /* Info.plist */ = {isa = PBXFileReference; lastKnownFileType = text.plist.xml; path = Info.plist; sourceTree = "<group>"; };
		0A76442A1B676C2300BF1A2D /* DropDownTests.swift */ = {isa = PBXFileReference; lastKnownFileType = sourcecode.swift; path = DropDownTests.swift; sourceTree = "<group>"; };
		0AC1C3241B6B85A600A8DC0D /* AppDelegate.swift */ = {isa = PBXFileReference; fileEncoding = 4; lastKnownFileType = sourcecode.swift; path = AppDelegate.swift; sourceTree = "<group>"; };
		0AC1C3261B6B85A600A8DC0D /* ViewController.swift */ = {isa = PBXFileReference; fileEncoding = 4; lastKnownFileType = sourcecode.swift; path = ViewController.swift; sourceTree = "<group>"; };
		0AC1C3281B6B85A600A8DC0D /* DPDConstants.swift */ = {isa = PBXFileReference; fileEncoding = 4; lastKnownFileType = sourcecode.swift; path = DPDConstants.swift; sourceTree = "<group>"; };
		0AC1C3291B6B85A600A8DC0D /* DPDKeyboardListener.swift */ = {isa = PBXFileReference; fileEncoding = 4; lastKnownFileType = sourcecode.swift; path = DPDKeyboardListener.swift; sourceTree = "<group>"; };
		0AC1C32A1B6B85A600A8DC0D /* DPDUIView+Extension.swift */ = {isa = PBXFileReference; fileEncoding = 4; lastKnownFileType = sourcecode.swift; path = "DPDUIView+Extension.swift"; sourceTree = "<group>"; };
		0AC1C32C1B6B85A600A8DC0D /* DropDownCell.xib */ = {isa = PBXFileReference; fileEncoding = 4; lastKnownFileType = file.xib; path = DropDownCell.xib; sourceTree = "<group>"; };
		0AC1C32E1B6B85A600A8DC0D /* DropDown.swift */ = {isa = PBXFileReference; fileEncoding = 4; lastKnownFileType = sourcecode.swift; path = DropDown.swift; sourceTree = "<group>"; };
		0AC1C32F1B6B85A600A8DC0D /* DropDownCell.swift */ = {isa = PBXFileReference; fileEncoding = 4; lastKnownFileType = sourcecode.swift; path = DropDownCell.swift; sourceTree = "<group>"; };
		0AC1C3391B6B884100A8DC0D /* Images.xcassets */ = {isa = PBXFileReference; lastKnownFileType = folder.assetcatalog; name = Images.xcassets; path = DropDown/Images.xcassets; sourceTree = "<group>"; };
/* End PBXFileReference section */

/* Begin PBXFrameworksBuildPhase section */
		0A76440C1B676C2300BF1A2D /* Frameworks */ = {
			isa = PBXFrameworksBuildPhase;
			buildActionMask = 2147483647;
			files = (
			);
			runOnlyForDeploymentPostprocessing = 0;
		};
		0A7644211B676C2300BF1A2D /* Frameworks */ = {
			isa = PBXFrameworksBuildPhase;
			buildActionMask = 2147483647;
			files = (
			);
			runOnlyForDeploymentPostprocessing = 0;
		};
/* End PBXFrameworksBuildPhase section */

/* Begin PBXGroup section */
		0A7644061B676C2300BF1A2D = {
			isa = PBXGroup;
			children = (
				0A7644111B676C2300BF1A2D /* DropDown */,
				0AC1C3391B6B884100A8DC0D /* Images.xcassets */,
				0A7644271B676C2300BF1A2D /* DropDownTests */,
				0A7644101B676C2300BF1A2D /* Products */,
			);
			sourceTree = "<group>";
		};
		0A7644101B676C2300BF1A2D /* Products */ = {
			isa = PBXGroup;
			children = (
				0A76440F1B676C2300BF1A2D /* DropDown.app */,
				0A7644241B676C2300BF1A2D /* DropDownTests.xctest */,
			);
			name = Products;
			sourceTree = "<group>";
		};
		0A7644111B676C2300BF1A2D /* DropDown */ = {
			isa = PBXGroup;
			children = (
				0AC1C3231B6B85A600A8DC0D /* demo */,
				0AC1C3271B6B85A600A8DC0D /* helpers */,
				0AC1C32B1B6B85A600A8DC0D /* resources */,
				0AC1C32D1B6B85A600A8DC0D /* src */,
				0A7644121B676C2300BF1A2D /* Supporting Files */,
			);
			path = DropDown;
			sourceTree = "<group>";
		};
		0A7644121B676C2300BF1A2D /* Supporting Files */ = {
			isa = PBXGroup;
			children = (
				0A7644131B676C2300BF1A2D /* Info.plist */,
			);
			name = "Supporting Files";
			sourceTree = "<group>";
		};
		0A7644271B676C2300BF1A2D /* DropDownTests */ = {
			isa = PBXGroup;
			children = (
				0A76442A1B676C2300BF1A2D /* DropDownTests.swift */,
				0A7644281B676C2300BF1A2D /* Supporting Files */,
			);
			path = DropDownTests;
			sourceTree = "<group>";
		};
		0A7644281B676C2300BF1A2D /* Supporting Files */ = {
			isa = PBXGroup;
			children = (
				0A7644291B676C2300BF1A2D /* Info.plist */,
			);
			name = "Supporting Files";
			sourceTree = "<group>";
		};
		0AC1C3231B6B85A600A8DC0D /* demo */ = {
			isa = PBXGroup;
			children = (
				0AC1C3241B6B85A600A8DC0D /* AppDelegate.swift */,
				0AC1C3261B6B85A600A8DC0D /* ViewController.swift */,
				0A46ED0A1B7B83AA00E7FD13 /* Main.storyboard */,
			);
			path = demo;
			sourceTree = "<group>";
		};
		0AC1C3271B6B85A600A8DC0D /* helpers */ = {
			isa = PBXGroup;
			children = (
				0AC1C3281B6B85A600A8DC0D /* DPDConstants.swift */,
				0AC1C3291B6B85A600A8DC0D /* DPDKeyboardListener.swift */,
				0AC1C32A1B6B85A600A8DC0D /* DPDUIView+Extension.swift */,
			);
			path = helpers;
			sourceTree = "<group>";
		};
		0AC1C32B1B6B85A600A8DC0D /* resources */ = {
			isa = PBXGroup;
			children = (
				0AC1C32C1B6B85A600A8DC0D /* DropDownCell.xib */,
			);
			path = resources;
			sourceTree = "<group>";
		};
		0AC1C32D1B6B85A600A8DC0D /* src */ = {
			isa = PBXGroup;
			children = (
				0AC1C32E1B6B85A600A8DC0D /* DropDown.swift */,
				0AC1C32F1B6B85A600A8DC0D /* DropDownCell.swift */,
			);
			path = src;
			sourceTree = "<group>";
		};
/* End PBXGroup section */

/* Begin PBXNativeTarget section */
		0A76440E1B676C2300BF1A2D /* DropDown */ = {
			isa = PBXNativeTarget;
			buildConfigurationList = 0A76442E1B676C2300BF1A2D /* Build configuration list for PBXNativeTarget "DropDown" */;
			buildPhases = (
				0A76440B1B676C2300BF1A2D /* Sources */,
				0A76440C1B676C2300BF1A2D /* Frameworks */,
				0A76440D1B676C2300BF1A2D /* Resources */,
			);
			buildRules = (
			);
			dependencies = (
			);
			name = DropDown;
			productName = DropDown;
			productReference = 0A76440F1B676C2300BF1A2D /* DropDown.app */;
			productType = "com.apple.product-type.application";
		};
		0A7644231B676C2300BF1A2D /* DropDownTests */ = {
			isa = PBXNativeTarget;
			buildConfigurationList = 0A7644311B676C2300BF1A2D /* Build configuration list for PBXNativeTarget "DropDownTests" */;
			buildPhases = (
				0A7644201B676C2300BF1A2D /* Sources */,
				0A7644211B676C2300BF1A2D /* Frameworks */,
				0A7644221B676C2300BF1A2D /* Resources */,
			);
			buildRules = (
			);
			dependencies = (
				0A7644261B676C2300BF1A2D /* PBXTargetDependency */,
			);
			name = DropDownTests;
			productName = DropDownTests;
			productReference = 0A7644241B676C2300BF1A2D /* DropDownTests.xctest */;
			productType = "com.apple.product-type.bundle.unit-test";
		};
/* End PBXNativeTarget section */

/* Begin PBXProject section */
		0A7644071B676C2300BF1A2D /* Project object */ = {
			isa = PBXProject;
			attributes = {
				LastUpgradeCheck = 0640;
				ORGANIZATIONNAME = "Kevin Hirsch";
				TargetAttributes = {
					0A76440E1B676C2300BF1A2D = {
						CreatedOnToolsVersion = 6.4;
					};
					0A7644231B676C2300BF1A2D = {
						CreatedOnToolsVersion = 6.4;
						TestTargetID = 0A76440E1B676C2300BF1A2D;
					};
				};
			};
			buildConfigurationList = 0A76440A1B676C2300BF1A2D /* Build configuration list for PBXProject "DropDown" */;
			compatibilityVersion = "Xcode 3.2";
			developmentRegion = English;
			hasScannedForEncodings = 0;
			knownRegions = (
				en,
				Base,
			);
			mainGroup = 0A7644061B676C2300BF1A2D;
			productRefGroup = 0A7644101B676C2300BF1A2D /* Products */;
			projectDirPath = "";
			projectRoot = "";
			targets = (
				0A76440E1B676C2300BF1A2D /* DropDown */,
				0A7644231B676C2300BF1A2D /* DropDownTests */,
			);
		};
/* End PBXProject section */

/* Begin PBXResourcesBuildPhase section */
		0A76440D1B676C2300BF1A2D /* Resources */ = {
			isa = PBXResourcesBuildPhase;
			buildActionMask = 2147483647;
			files = (
				0A46ED0C1B7B83AA00E7FD13 /* Main.storyboard in Resources */,
				0AC1C3361B6B85A600A8DC0D /* DropDownCell.xib in Resources */,
				0AC1C33A1B6B884100A8DC0D /* Images.xcassets in Resources */,
			);
			runOnlyForDeploymentPostprocessing = 0;
		};
		0A7644221B676C2300BF1A2D /* Resources */ = {
			isa = PBXResourcesBuildPhase;
			buildActionMask = 2147483647;
			files = (
			);
			runOnlyForDeploymentPostprocessing = 0;
		};
/* End PBXResourcesBuildPhase section */

/* Begin PBXSourcesBuildPhase section */
		0A76440B1B676C2300BF1A2D /* Sources */ = {
			isa = PBXSourcesBuildPhase;
			buildActionMask = 2147483647;
			files = (
				0AC1C3341B6B85A600A8DC0D /* DPDKeyboardListener.swift in Sources */,
				0AC1C3321B6B85A600A8DC0D /* ViewController.swift in Sources */,
				0AC1C3371B6B85A600A8DC0D /* DropDown.swift in Sources */,
				0AC1C3381B6B85A600A8DC0D /* DropDownCell.swift in Sources */,
				0AC1C3301B6B85A600A8DC0D /* AppDelegate.swift in Sources */,
				0AC1C3351B6B85A600A8DC0D /* DPDUIView+Extension.swift in Sources */,
				0AC1C3331B6B85A600A8DC0D /* DPDConstants.swift in Sources */,
			);
			runOnlyForDeploymentPostprocessing = 0;
		};
		0A7644201B676C2300BF1A2D /* Sources */ = {
			isa = PBXSourcesBuildPhase;
			buildActionMask = 2147483647;
			files = (
				0A76442B1B676C2300BF1A2D /* DropDownTests.swift in Sources */,
			);
			runOnlyForDeploymentPostprocessing = 0;
		};
/* End PBXSourcesBuildPhase section */

/* Begin PBXTargetDependency section */
		0A7644261B676C2300BF1A2D /* PBXTargetDependency */ = {
			isa = PBXTargetDependency;
			target = 0A76440E1B676C2300BF1A2D /* DropDown */;
			targetProxy = 0A7644251B676C2300BF1A2D /* PBXContainerItemProxy */;
		};
/* End PBXTargetDependency section */

/* Begin PBXVariantGroup section */
		0A46ED0A1B7B83AA00E7FD13 /* Main.storyboard */ = {
			isa = PBXVariantGroup;
			children = (
				0A46ED0B1B7B83AA00E7FD13 /* Base */,
			);
			name = Main.storyboard;
			sourceTree = "<group>";
		};
/* End PBXVariantGroup section */

/* Begin XCBuildConfiguration section */
		0A76442C1B676C2300BF1A2D /* Debug */ = {
			isa = XCBuildConfiguration;
			buildSettings = {
				ALWAYS_SEARCH_USER_PATHS = NO;
				CLANG_CXX_LANGUAGE_STANDARD = "gnu++0x";
				CLANG_CXX_LIBRARY = "libc++";
				CLANG_ENABLE_MODULES = YES;
				CLANG_ENABLE_OBJC_ARC = YES;
				CLANG_WARN_BOOL_CONVERSION = YES;
				CLANG_WARN_CONSTANT_CONVERSION = YES;
				CLANG_WARN_DIRECT_OBJC_ISA_USAGE = YES_ERROR;
				CLANG_WARN_EMPTY_BODY = YES;
				CLANG_WARN_ENUM_CONVERSION = YES;
				CLANG_WARN_INT_CONVERSION = YES;
				CLANG_WARN_OBJC_ROOT_CLASS = YES_ERROR;
				CLANG_WARN_UNREACHABLE_CODE = YES;
				CLANG_WARN__DUPLICATE_METHOD_MATCH = YES;
				"CODE_SIGN_IDENTITY[sdk=iphoneos*]" = "iPhone Developer";
				COPY_PHASE_STRIP = NO;
				DEBUG_INFORMATION_FORMAT = "dwarf-with-dsym";
				ENABLE_STRICT_OBJC_MSGSEND = YES;
				GCC_C_LANGUAGE_STANDARD = gnu99;
				GCC_DYNAMIC_NO_PIC = NO;
				GCC_NO_COMMON_BLOCKS = YES;
				GCC_OPTIMIZATION_LEVEL = 0;
				GCC_PREPROCESSOR_DEFINITIONS = (
					"DEBUG=1",
					"$(inherited)",
				);
				GCC_SYMBOLS_PRIVATE_EXTERN = NO;
				GCC_WARN_64_TO_32_BIT_CONVERSION = YES;
				GCC_WARN_ABOUT_RETURN_TYPE = YES_ERROR;
				GCC_WARN_UNDECLARED_SELECTOR = YES;
				GCC_WARN_UNINITIALIZED_AUTOS = YES_AGGRESSIVE;
				GCC_WARN_UNUSED_FUNCTION = YES;
				GCC_WARN_UNUSED_VARIABLE = YES;
				IPHONEOS_DEPLOYMENT_TARGET = 7.1;
				MTL_ENABLE_DEBUG_INFO = YES;
				ONLY_ACTIVE_ARCH = YES;
				SDKROOT = iphoneos;
				SWIFT_OPTIMIZATION_LEVEL = "-Onone";
			};
			name = Debug;
		};
		0A76442D1B676C2300BF1A2D /* Release */ = {
			isa = XCBuildConfiguration;
			buildSettings = {
				ALWAYS_SEARCH_USER_PATHS = NO;
				CLANG_CXX_LANGUAGE_STANDARD = "gnu++0x";
				CLANG_CXX_LIBRARY = "libc++";
				CLANG_ENABLE_MODULES = YES;
				CLANG_ENABLE_OBJC_ARC = YES;
				CLANG_WARN_BOOL_CONVERSION = YES;
				CLANG_WARN_CONSTANT_CONVERSION = YES;
				CLANG_WARN_DIRECT_OBJC_ISA_USAGE = YES_ERROR;
				CLANG_WARN_EMPTY_BODY = YES;
				CLANG_WARN_ENUM_CONVERSION = YES;
				CLANG_WARN_INT_CONVERSION = YES;
				CLANG_WARN_OBJC_ROOT_CLASS = YES_ERROR;
				CLANG_WARN_UNREACHABLE_CODE = YES;
				CLANG_WARN__DUPLICATE_METHOD_MATCH = YES;
				"CODE_SIGN_IDENTITY[sdk=iphoneos*]" = "iPhone Developer";
				COPY_PHASE_STRIP = NO;
				DEBUG_INFORMATION_FORMAT = "dwarf-with-dsym";
				ENABLE_NS_ASSERTIONS = NO;
				ENABLE_STRICT_OBJC_MSGSEND = YES;
				GCC_C_LANGUAGE_STANDARD = gnu99;
				GCC_NO_COMMON_BLOCKS = YES;
				GCC_WARN_64_TO_32_BIT_CONVERSION = YES;
				GCC_WARN_ABOUT_RETURN_TYPE = YES_ERROR;
				GCC_WARN_UNDECLARED_SELECTOR = YES;
				GCC_WARN_UNINITIALIZED_AUTOS = YES_AGGRESSIVE;
				GCC_WARN_UNUSED_FUNCTION = YES;
				GCC_WARN_UNUSED_VARIABLE = YES;
				IPHONEOS_DEPLOYMENT_TARGET = 7.1;
				MTL_ENABLE_DEBUG_INFO = NO;
				SDKROOT = iphoneos;
				VALIDATE_PRODUCT = YES;
			};
			name = Release;
		};
		0A76442F1B676C2300BF1A2D /* Debug */ = {
			isa = XCBuildConfiguration;
			buildSettings = {
				ASSETCATALOG_COMPILER_APPICON_NAME = AppIcon;
				ASSETCATALOG_COMPILER_LAUNCHIMAGE_NAME = LaunchImage;
				INFOPLIST_FILE = DropDown/Info.plist;
				LD_RUNPATH_SEARCH_PATHS = "$(inherited) @executable_path/Frameworks";
				PRODUCT_NAME = "$(TARGET_NAME)";
			};
			name = Debug;
		};
		0A7644301B676C2300BF1A2D /* Release */ = {
			isa = XCBuildConfiguration;
			buildSettings = {
				ASSETCATALOG_COMPILER_APPICON_NAME = AppIcon;
				ASSETCATALOG_COMPILER_LAUNCHIMAGE_NAME = LaunchImage;
				INFOPLIST_FILE = DropDown/Info.plist;
				LD_RUNPATH_SEARCH_PATHS = "$(inherited) @executable_path/Frameworks";
				PRODUCT_NAME = "$(TARGET_NAME)";
			};
			name = Release;
		};
		0A7644321B676C2300BF1A2D /* Debug */ = {
			isa = XCBuildConfiguration;
			buildSettings = {
				BUNDLE_LOADER = "$(TEST_HOST)";
				FRAMEWORK_SEARCH_PATHS = (
					"$(SDKROOT)/Developer/Library/Frameworks",
					"$(inherited)",
				);
				GCC_PREPROCESSOR_DEFINITIONS = (
					"DEBUG=1",
					"$(inherited)",
				);
				INFOPLIST_FILE = DropDownTests/Info.plist;
				LD_RUNPATH_SEARCH_PATHS = "$(inherited) @executable_path/Frameworks @loader_path/Frameworks";
				PRODUCT_NAME = "$(TARGET_NAME)";
				TEST_HOST = "$(BUILT_PRODUCTS_DIR)/DropDown.app/DropDown";
			};
			name = Debug;
		};
		0A7644331B676C2300BF1A2D /* Release */ = {
			isa = XCBuildConfiguration;
			buildSettings = {
				BUNDLE_LOADER = "$(TEST_HOST)";
				FRAMEWORK_SEARCH_PATHS = (
					"$(SDKROOT)/Developer/Library/Frameworks",
					"$(inherited)",
				);
				INFOPLIST_FILE = DropDownTests/Info.plist;
				LD_RUNPATH_SEARCH_PATHS = "$(inherited) @executable_path/Frameworks @loader_path/Frameworks";
				PRODUCT_NAME = "$(TARGET_NAME)";
				TEST_HOST = "$(BUILT_PRODUCTS_DIR)/DropDown.app/DropDown";
			};
			name = Release;
		};
/* End XCBuildConfiguration section */

/* Begin XCConfigurationList section */
		0A76440A1B676C2300BF1A2D /* Build configuration list for PBXProject "DropDown" */ = {
			isa = XCConfigurationList;
			buildConfigurations = (
				0A76442C1B676C2300BF1A2D /* Debug */,
				0A76442D1B676C2300BF1A2D /* Release */,
			);
			defaultConfigurationIsVisible = 0;
			defaultConfigurationName = Release;
		};
		0A76442E1B676C2300BF1A2D /* Build configuration list for PBXNativeTarget "DropDown" */ = {
			isa = XCConfigurationList;
			buildConfigurations = (
				0A76442F1B676C2300BF1A2D /* Debug */,
				0A7644301B676C2300BF1A2D /* Release */,
			);
			defaultConfigurationIsVisible = 0;
			defaultConfigurationName = Release;
		};
		0A7644311B676C2300BF1A2D /* Build configuration list for PBXNativeTarget "DropDownTests" */ = {
			isa = XCConfigurationList;
			buildConfigurations = (
				0A7644321B676C2300BF1A2D /* Debug */,
				0A7644331B676C2300BF1A2D /* Release */,
			);
			defaultConfigurationIsVisible = 0;
			defaultConfigurationName = Release;
		};
/* End XCConfigurationList section */
	};
	rootObject = 0A7644071B676C2300BF1A2D /* Project object */;
}
